// !$*UTF8*$!
{
	archiveVersion = 1;
	classes = {
	};
	objectVersion = 48;
	objects = {

/* Begin PBXBuildFile section */
		BE87DC6E204D37F200421576 /* AppDelegate.swift in Sources */ = {isa = PBXBuildFile; fileRef = BE87DC6D204D37F200421576 /* AppDelegate.swift */; };
		BE87DC73204D37F200421576 /* News.storyboard in Resources */ = {isa = PBXBuildFile; fileRef = BE87DC71204D37F200421576 /* News.storyboard */; };
		BE87DC75204D37F200421576 /* Assets.xcassets in Resources */ = {isa = PBXBuildFile; fileRef = BE87DC74204D37F200421576 /* Assets.xcassets */; };
		BE87DC78204D37F200421576 /* LaunchScreen.storyboard in Resources */ = {isa = PBXBuildFile; fileRef = BE87DC76204D37F200421576 /* LaunchScreen.storyboard */; };
		BE87DC83204D37F200421576 /* NyTimesMostPopularModelTests.swift in Sources */ = {isa = PBXBuildFile; fileRef = BE87DC82204D37F200421576 /* NyTimesMostPopularModelTests.swift */; };
		BE87DC90204D3CB100421576 /* NewsViewController.swift in Sources */ = {isa = PBXBuildFile; fileRef = BE87DC8F204D3CB100421576 /* NewsViewController.swift */; };
		BE87DC94204D3D3A00421576 /* NewsDetail.storyboard in Resources */ = {isa = PBXBuildFile; fileRef = BE87DC93204D3D3A00421576 /* NewsDetail.storyboard */; };
		BE87DC9D204D3FCF00421576 /* NyTimesApiResultModel.swift in Sources */ = {isa = PBXBuildFile; fileRef = BE87DC9C204D3FCF00421576 /* NyTimesApiResultModel.swift */; };
		BE87DC9F204D40D500421576 /* NewsModel.swift in Sources */ = {isa = PBXBuildFile; fileRef = BE87DC9E204D40D500421576 /* NewsModel.swift */; };
		BE87DCA1204D42C300421576 /* NewsSection.swift in Sources */ = {isa = PBXBuildFile; fileRef = BE87DCA0204D42C300421576 /* NewsSection.swift */; };
		BE87DCA6204D4FF800421576 /* NewsMediaModel.swift in Sources */ = {isa = PBXBuildFile; fileRef = BE87DCA5204D4FF800421576 /* NewsMediaModel.swift */; };
		BE87DCA8204D730000421576 /* NewsPresenterView.swift in Sources */ = {isa = PBXBuildFile; fileRef = BE87DCA7204D730000421576 /* NewsPresenterView.swift */; };
		BE87DCAB204D735C00421576 /* NewsViewModel.swift in Sources */ = {isa = PBXBuildFile; fileRef = BE87DCAA204D735C00421576 /* NewsViewModel.swift */; };
		BE87DCAF204D7A5800421576 /* NewsTableViewCell.swift in Sources */ = {isa = PBXBuildFile; fileRef = BE87DCAD204D7A5800421576 /* NewsTableViewCell.swift */; };
		BE87DCB0204D7A5800421576 /* NewsTableViewCell.xib in Resources */ = {isa = PBXBuildFile; fileRef = BE87DCAE204D7A5800421576 /* NewsTableViewCell.xib */; };
		BE87DCB3204D83B300421576 /* RoundedImageView.swift in Sources */ = {isa = PBXBuildFile; fileRef = BE87DCB2204D83B300421576 /* RoundedImageView.swift */; };
		BE87DCB5204D881E00421576 /* NyTimesApi.swift in Sources */ = {isa = PBXBuildFile; fileRef = BE87DCB4204D881E00421576 /* NyTimesApi.swift */; };
		BE87DCB7204D8E0000421576 /* NyTimesApiTests.swift in Sources */ = {isa = PBXBuildFile; fileRef = BE87DCB6204D8E0000421576 /* NyTimesApiTests.swift */; };
/* End PBXBuildFile section */

/* Begin PBXContainerItemProxy section */
		BE87DC7F204D37F200421576 /* PBXContainerItemProxy */ = {
			isa = PBXContainerItemProxy;
			containerPortal = BE87DC62204D37F200421576 /* Project object */;
			proxyType = 1;
			remoteGlobalIDString = BE87DC69204D37F200421576;
			remoteInfo = NyTimesMostPopular;
		};
/* End PBXContainerItemProxy section */

/* Begin PBXFileReference section */
		BE87DC6A204D37F200421576 /* NyTimesMostPopular.app */ = {isa = PBXFileReference; explicitFileType = wrapper.application; includeInIndex = 0; path = NyTimesMostPopular.app; sourceTree = BUILT_PRODUCTS_DIR; };
		BE87DC6D204D37F200421576 /* AppDelegate.swift */ = {isa = PBXFileReference; lastKnownFileType = sourcecode.swift; path = AppDelegate.swift; sourceTree = "<group>"; };
		BE87DC72204D37F200421576 /* Base */ = {isa = PBXFileReference; lastKnownFileType = file.storyboard; name = Base; path = Base.lproj/News.storyboard; sourceTree = "<group>"; };
		BE87DC74204D37F200421576 /* Assets.xcassets */ = {isa = PBXFileReference; lastKnownFileType = folder.assetcatalog; path = Assets.xcassets; sourceTree = "<group>"; };
		BE87DC77204D37F200421576 /* Base */ = {isa = PBXFileReference; lastKnownFileType = file.storyboard; name = Base; path = Base.lproj/LaunchScreen.storyboard; sourceTree = "<group>"; };
		BE87DC79204D37F200421576 /* Info.plist */ = {isa = PBXFileReference; lastKnownFileType = text.plist.xml; path = Info.plist; sourceTree = "<group>"; };
		BE87DC7E204D37F200421576 /* NyTimesMostPopularTests.xctest */ = {isa = PBXFileReference; explicitFileType = wrapper.cfbundle; includeInIndex = 0; path = NyTimesMostPopularTests.xctest; sourceTree = BUILT_PRODUCTS_DIR; };
		BE87DC82204D37F200421576 /* NyTimesMostPopularModelTests.swift */ = {isa = PBXFileReference; lastKnownFileType = sourcecode.swift; path = NyTimesMostPopularModelTests.swift; sourceTree = "<group>"; };
		BE87DC84204D37F200421576 /* Info.plist */ = {isa = PBXFileReference; lastKnownFileType = text.plist.xml; path = Info.plist; sourceTree = "<group>"; };
		BE87DC8F204D3CB100421576 /* NewsViewController.swift */ = {isa = PBXFileReference; lastKnownFileType = sourcecode.swift; path = NewsViewController.swift; sourceTree = "<group>"; };
		BE87DC93204D3D3A00421576 /* NewsDetail.storyboard */ = {isa = PBXFileReference; lastKnownFileType = file.storyboard; path = NewsDetail.storyboard; sourceTree = "<group>"; };
		BE87DC9C204D3FCF00421576 /* NyTimesApiResultModel.swift */ = {isa = PBXFileReference; lastKnownFileType = sourcecode.swift; path = NyTimesApiResultModel.swift; sourceTree = "<group>"; };
		BE87DC9E204D40D500421576 /* NewsModel.swift */ = {isa = PBXFileReference; lastKnownFileType = sourcecode.swift; path = NewsModel.swift; sourceTree = "<group>"; };
		BE87DCA0204D42C300421576 /* NewsSection.swift */ = {isa = PBXFileReference; lastKnownFileType = sourcecode.swift; path = NewsSection.swift; sourceTree = "<group>"; };
		BE87DCA5204D4FF800421576 /* NewsMediaModel.swift */ = {isa = PBXFileReference; lastKnownFileType = sourcecode.swift; path = NewsMediaModel.swift; sourceTree = "<group>"; };
		BE87DCA7204D730000421576 /* NewsPresenterView.swift */ = {isa = PBXFileReference; lastKnownFileType = sourcecode.swift; path = NewsPresenterView.swift; sourceTree = "<group>"; };
		BE87DCAA204D735C00421576 /* NewsViewModel.swift */ = {isa = PBXFileReference; lastKnownFileType = sourcecode.swift; path = NewsViewModel.swift; sourceTree = "<group>"; };
		BE87DCAD204D7A5800421576 /* NewsTableViewCell.swift */ = {isa = PBXFileReference; lastKnownFileType = sourcecode.swift; path = NewsTableViewCell.swift; sourceTree = "<group>"; };
		BE87DCAE204D7A5800421576 /* NewsTableViewCell.xib */ = {isa = PBXFileReference; lastKnownFileType = file.xib; path = NewsTableViewCell.xib; sourceTree = "<group>"; };
		BE87DCB2204D83B300421576 /* RoundedImageView.swift */ = {isa = PBXFileReference; lastKnownFileType = sourcecode.swift; path = RoundedImageView.swift; sourceTree = "<group>"; };
		BE87DCB4204D881E00421576 /* NyTimesApi.swift */ = {isa = PBXFileReference; lastKnownFileType = sourcecode.swift; path = NyTimesApi.swift; sourceTree = "<group>"; };
		BE87DCB6204D8E0000421576 /* NyTimesApiTests.swift */ = {isa = PBXFileReference; lastKnownFileType = sourcecode.swift; path = NyTimesApiTests.swift; sourceTree = "<group>"; };
/* End PBXFileReference section */

/* Begin PBXFrameworksBuildPhase section */
		BE87DC67204D37F200421576 /* Frameworks */ = {
			isa = PBXFrameworksBuildPhase;
			buildActionMask = 2147483647;
			files = (
			);
			runOnlyForDeploymentPostprocessing = 0;
		};
		BE87DC7B204D37F200421576 /* Frameworks */ = {
			isa = PBXFrameworksBuildPhase;
			buildActionMask = 2147483647;
			files = (
			);
			runOnlyForDeploymentPostprocessing = 0;
		};
/* End PBXFrameworksBuildPhase section */

/* Begin PBXGroup section */
		BE87DC61204D37F200421576 = {
			isa = PBXGroup;
			children = (
				BE87DC6C204D37F200421576 /* NyTimesMostPopular */,
				BE87DC81204D37F200421576 /* NyTimesMostPopularTests */,
				BE87DC6B204D37F200421576 /* Products */,
			);
			sourceTree = "<group>";
		};
		BE87DC6B204D37F200421576 /* Products */ = {
			isa = PBXGroup;
			children = (
				BE87DC6A204D37F200421576 /* NyTimesMostPopular.app */,
				BE87DC7E204D37F200421576 /* NyTimesMostPopularTests.xctest */,
			);
			name = Products;
			sourceTree = "<group>";
		};
		BE87DC6C204D37F200421576 /* NyTimesMostPopular */ = {
			isa = PBXGroup;
			children = (
				BE87DC8E204D3B2E00421576 /* Screens */,
				BE87DC8D204D38F500421576 /* Core */,
			);
			path = NyTimesMostPopular;
			sourceTree = "<group>";
		};
		BE87DC81204D37F200421576 /* NyTimesMostPopularTests */ = {
			isa = PBXGroup;
			children = (
				BE87DC82204D37F200421576 /* NyTimesMostPopularModelTests.swift */,
				BE87DC84204D37F200421576 /* Info.plist */,
				BE87DCB6204D8E0000421576 /* NyTimesApiTests.swift */,
			);
			path = NyTimesMostPopularTests;
			sourceTree = "<group>";
		};
		BE87DC8D204D38F500421576 /* Core */ = {
			isa = PBXGroup;
			children = (
				BE87DC79204D37F200421576 /* Info.plist */,
				BE87DC74204D37F200421576 /* Assets.xcassets */,
				BE87DC76204D37F200421576 /* LaunchScreen.storyboard */,
				BE87DC6D204D37F200421576 /* AppDelegate.swift */,
			);
			path = Core;
			sourceTree = "<group>";
		};
		BE87DC8E204D3B2E00421576 /* Screens */ = {
			isa = PBXGroup;
			children = (
				BE87DC97204D3D4F00421576 /* Shared */,
				BE87DC92204D3D2300421576 /* NewsDetail */,
				BE87DC91204D3D1B00421576 /* News */,
			);
			path = Screens;
			sourceTree = "<group>";
		};
		BE87DC91204D3D1B00421576 /* News */ = {
			isa = PBXGroup;
			children = (
				BE87DCA9204D733700421576 /* Model */,
				BE87DC99204D3D6000421576 /* Presenter */,
				BE87DC95204D3D3D00421576 /* View */,
			);
			path = News;
			sourceTree = "<group>";
		};
		BE87DC92204D3D2300421576 /* NewsDetail */ = {
			isa = PBXGroup;
			children = (
				BE87DC98204D3D5B00421576 /* Presenter */,
				BE87DC96204D3D4500421576 /* View */,
			);
			path = NewsDetail;
			sourceTree = "<group>";
		};
		BE87DC95204D3D3D00421576 /* View */ = {
			isa = PBXGroup;
			children = (
				BE87DCAC204D7A4500421576 /* NewsTableViewCell */,
				BE87DC71204D37F200421576 /* News.storyboard */,
				BE87DC8F204D3CB100421576 /* NewsViewController.swift */,
				BE87DCA7204D730000421576 /* NewsPresenterView.swift */,
			);
			path = View;
			sourceTree = "<group>";
		};
		BE87DC96204D3D4500421576 /* View */ = {
			isa = PBXGroup;
			children = (
				BE87DC93204D3D3A00421576 /* NewsDetail.storyboard */,
			);
			path = View;
			sourceTree = "<group>";
		};
		BE87DC97204D3D4F00421576 /* Shared */ = {
			isa = PBXGroup;
			children = (
				BE87DCB1204D839900421576 /* View */,
				BE87DC9B204D3E6A00421576 /* Model */,
			);
			path = Shared;
			sourceTree = "<group>";
		};
		BE87DC98204D3D5B00421576 /* Presenter */ = {
			isa = PBXGroup;
			children = (
			);
			path = Presenter;
			sourceTree = "<group>";
		};
		BE87DC99204D3D6000421576 /* Presenter */ = {
			isa = PBXGroup;
			children = (
			);
			path = Presenter;
			sourceTree = "<group>";
		};
		BE87DC9B204D3E6A00421576 /* Model */ = {
			isa = PBXGroup;
			children = (
				BE87DC9C204D3FCF00421576 /* NyTimesApiResultModel.swift */,
				BE87DC9E204D40D500421576 /* NewsModel.swift */,
				BE87DCA0204D42C300421576 /* NewsSection.swift */,
				BE87DCA5204D4FF800421576 /* NewsMediaModel.swift */,
				BE87DCB4204D881E00421576 /* NyTimesApi.swift */,
			);
			path = Model;
			sourceTree = "<group>";
		};
		BE87DCA9204D733700421576 /* Model */ = {
			isa = PBXGroup;
			children = (
				BE87DCAA204D735C00421576 /* NewsViewModel.swift */,
			);
			path = Model;
			sourceTree = "<group>";
		};
		BE87DCAC204D7A4500421576 /* NewsTableViewCell */ = {
			isa = PBXGroup;
			children = (
				BE87DCAD204D7A5800421576 /* NewsTableViewCell.swift */,
				BE87DCAE204D7A5800421576 /* NewsTableViewCell.xib */,
			);
			path = NewsTableViewCell;
			sourceTree = "<group>";
		};
		BE87DCB1204D839900421576 /* View */ = {
			isa = PBXGroup;
			children = (
				BE87DCB2204D83B300421576 /* RoundedImageView.swift */,
			);
			path = View;
			sourceTree = "<group>";
		};
/* End PBXGroup section */

/* Begin PBXNativeTarget section */
		BE87DC69204D37F200421576 /* NyTimesMostPopular */ = {
			isa = PBXNativeTarget;
			buildConfigurationList = BE87DC87204D37F200421576 /* Build configuration list for PBXNativeTarget "NyTimesMostPopular" */;
			buildPhases = (
				BE87DC66204D37F200421576 /* Sources */,
				BE87DC67204D37F200421576 /* Frameworks */,
				BE87DC68204D37F200421576 /* Resources */,
			);
			buildRules = (
			);
			dependencies = (
			);
			name = NyTimesMostPopular;
			productName = NyTimesMostPopular;
			productReference = BE87DC6A204D37F200421576 /* NyTimesMostPopular.app */;
			productType = "com.apple.product-type.application";
		};
		BE87DC7D204D37F200421576 /* NyTimesMostPopularTests */ = {
			isa = PBXNativeTarget;
			buildConfigurationList = BE87DC8A204D37F200421576 /* Build configuration list for PBXNativeTarget "NyTimesMostPopularTests" */;
			buildPhases = (
				BE87DC7A204D37F200421576 /* Sources */,
				BE87DC7B204D37F200421576 /* Frameworks */,
				BE87DC7C204D37F200421576 /* Resources */,
			);
			buildRules = (
			);
			dependencies = (
				BE87DC80204D37F200421576 /* PBXTargetDependency */,
			);
			name = NyTimesMostPopularTests;
			productName = NyTimesMostPopularTests;
			productReference = BE87DC7E204D37F200421576 /* NyTimesMostPopularTests.xctest */;
			productType = "com.apple.product-type.bundle.unit-test";
		};
/* End PBXNativeTarget section */

/* Begin PBXProject section */
		BE87DC62204D37F200421576 /* Project object */ = {
			isa = PBXProject;
			attributes = {
				LastSwiftUpdateCheck = 0920;
				LastUpgradeCheck = 0920;
				ORGANIZATIONNAME = Particular;
				TargetAttributes = {
					BE87DC69204D37F200421576 = {
						CreatedOnToolsVersion = 9.2;
						ProvisioningStyle = Automatic;
					};
					BE87DC7D204D37F200421576 = {
						CreatedOnToolsVersion = 9.2;
						ProvisioningStyle = Automatic;
						TestTargetID = BE87DC69204D37F200421576;
					};
				};
			};
			buildConfigurationList = BE87DC65204D37F200421576 /* Build configuration list for PBXProject "NyTimesMostPopular" */;
			compatibilityVersion = "Xcode 8.0";
			developmentRegion = en;
			hasScannedForEncodings = 0;
			knownRegions = (
				en,
				Base,
			);
			mainGroup = BE87DC61204D37F200421576;
			productRefGroup = BE87DC6B204D37F200421576 /* Products */;
			projectDirPath = "";
			projectRoot = "";
			targets = (
				BE87DC69204D37F200421576 /* NyTimesMostPopular */,
				BE87DC7D204D37F200421576 /* NyTimesMostPopularTests */,
			);
		};
/* End PBXProject section */

/* Begin PBXResourcesBuildPhase section */
		BE87DC68204D37F200421576 /* Resources */ = {
			isa = PBXResourcesBuildPhase;
			buildActionMask = 2147483647;
			files = (
				BE87DC94204D3D3A00421576 /* NewsDetail.storyboard in Resources */,
				BE87DC78204D37F200421576 /* LaunchScreen.storyboard in Resources */,
				BE87DC75204D37F200421576 /* Assets.xcassets in Resources */,
				BE87DC73204D37F200421576 /* News.storyboard in Resources */,
				BE87DCB0204D7A5800421576 /* NewsTableViewCell.xib in Resources */,
			);
			runOnlyForDeploymentPostprocessing = 0;
		};
		BE87DC7C204D37F200421576 /* Resources */ = {
			isa = PBXResourcesBuildPhase;
			buildActionMask = 2147483647;
			files = (
			);
			runOnlyForDeploymentPostprocessing = 0;
		};
/* End PBXResourcesBuildPhase section */

/* Begin PBXSourcesBuildPhase section */
		BE87DC66204D37F200421576 /* Sources */ = {
			isa = PBXSourcesBuildPhase;
			buildActionMask = 2147483647;
			files = (
				BE87DC90204D3CB100421576 /* NewsViewController.swift in Sources */,
				BE87DC6E204D37F200421576 /* AppDelegate.swift in Sources */,
				BE87DCA1204D42C300421576 /* NewsSection.swift in Sources */,
				BE87DC9F204D40D500421576 /* NewsModel.swift in Sources */,
				BE87DCA8204D730000421576 /* NewsPresenterView.swift in Sources */,
				BE87DC9D204D3FCF00421576 /* NyTimesApiResultModel.swift in Sources */,
				BE87DCB5204D881E00421576 /* NyTimesApi.swift in Sources */,
				BE87DCB3204D83B300421576 /* RoundedImageView.swift in Sources */,
				BE87DCA6204D4FF800421576 /* NewsMediaModel.swift in Sources */,
				BE87DCAB204D735C00421576 /* NewsViewModel.swift in Sources */,
				BE87DCAF204D7A5800421576 /* NewsTableViewCell.swift in Sources */,
			);
			runOnlyForDeploymentPostprocessing = 0;
		};
		BE87DC7A204D37F200421576 /* Sources */ = {
			isa = PBXSourcesBuildPhase;
			buildActionMask = 2147483647;
			files = (
				BE87DCB7204D8E0000421576 /* NyTimesApiTests.swift in Sources */,
				BE87DC83204D37F200421576 /* NyTimesMostPopularModelTests.swift in Sources */,
			);
			runOnlyForDeploymentPostprocessing = 0;
		};
/* End PBXSourcesBuildPhase section */

/* Begin PBXTargetDependency section */
		BE87DC80204D37F200421576 /* PBXTargetDependency */ = {
			isa = PBXTargetDependency;
			target = BE87DC69204D37F200421576 /* NyTimesMostPopular */;
			targetProxy = BE87DC7F204D37F200421576 /* PBXContainerItemProxy */;
		};
/* End PBXTargetDependency section */

/* Begin PBXVariantGroup section */
		BE87DC71204D37F200421576 /* News.storyboard */ = {
			isa = PBXVariantGroup;
			children = (
				BE87DC72204D37F200421576 /* Base */,
			);
			name = News.storyboard;
			sourceTree = "<group>";
		};
		BE87DC76204D37F200421576 /* LaunchScreen.storyboard */ = {
			isa = PBXVariantGroup;
			children = (
				BE87DC77204D37F200421576 /* Base */,
			);
			name = LaunchScreen.storyboard;
			sourceTree = "<group>";
		};
/* End PBXVariantGroup section */

/* Begin XCBuildConfiguration section */
		BE87DC85204D37F200421576 /* Debug */ = {
			isa = XCBuildConfiguration;
			buildSettings = {
				ALWAYS_SEARCH_USER_PATHS = NO;
				CLANG_ANALYZER_NONNULL = YES;
				CLANG_ANALYZER_NUMBER_OBJECT_CONVERSION = YES_AGGRESSIVE;
				CLANG_CXX_LANGUAGE_STANDARD = "gnu++14";
				CLANG_CXX_LIBRARY = "libc++";
				CLANG_ENABLE_MODULES = YES;
				CLANG_ENABLE_OBJC_ARC = YES;
				CLANG_WARN_BLOCK_CAPTURE_AUTORELEASING = YES;
				CLANG_WARN_BOOL_CONVERSION = YES;
				CLANG_WARN_COMMA = YES;
				CLANG_WARN_CONSTANT_CONVERSION = YES;
				CLANG_WARN_DIRECT_OBJC_ISA_USAGE = YES_ERROR;
				CLANG_WARN_DOCUMENTATION_COMMENTS = YES;
				CLANG_WARN_EMPTY_BODY = YES;
				CLANG_WARN_ENUM_CONVERSION = YES;
				CLANG_WARN_INFINITE_RECURSION = YES;
				CLANG_WARN_INT_CONVERSION = YES;
				CLANG_WARN_NON_LITERAL_NULL_CONVERSION = YES;
				CLANG_WARN_OBJC_LITERAL_CONVERSION = YES;
				CLANG_WARN_OBJC_ROOT_CLASS = YES_ERROR;
				CLANG_WARN_RANGE_LOOP_ANALYSIS = YES;
				CLANG_WARN_STRICT_PROTOTYPES = YES;
				CLANG_WARN_SUSPICIOUS_MOVE = YES;
				CLANG_WARN_UNGUARDED_AVAILABILITY = YES_AGGRESSIVE;
				CLANG_WARN_UNREACHABLE_CODE = YES;
				CLANG_WARN__DUPLICATE_METHOD_MATCH = YES;
				CODE_SIGN_IDENTITY = "iPhone Developer";
				COPY_PHASE_STRIP = NO;
				DEBUG_INFORMATION_FORMAT = dwarf;
				ENABLE_STRICT_OBJC_MSGSEND = YES;
				ENABLE_TESTABILITY = YES;
				GCC_C_LANGUAGE_STANDARD = gnu11;
				GCC_DYNAMIC_NO_PIC = NO;
				GCC_NO_COMMON_BLOCKS = YES;
				GCC_OPTIMIZATION_LEVEL = 0;
				GCC_PREPROCESSOR_DEFINITIONS = (
					"DEBUG=1",
					"$(inherited)",
				);
				GCC_WARN_64_TO_32_BIT_CONVERSION = YES;
				GCC_WARN_ABOUT_RETURN_TYPE = YES_ERROR;
				GCC_WARN_UNDECLARED_SELECTOR = YES;
				GCC_WARN_UNINITIALIZED_AUTOS = YES_AGGRESSIVE;
				GCC_WARN_UNUSED_FUNCTION = YES;
				GCC_WARN_UNUSED_VARIABLE = YES;
				IPHONEOS_DEPLOYMENT_TARGET = 11.2;
				MTL_ENABLE_DEBUG_INFO = YES;
				ONLY_ACTIVE_ARCH = YES;
				SDKROOT = iphoneos;
				SWIFT_ACTIVE_COMPILATION_CONDITIONS = DEBUG;
				SWIFT_OPTIMIZATION_LEVEL = "-Onone";
			};
			name = Debug;
		};
		BE87DC86204D37F200421576 /* Release */ = {
			isa = XCBuildConfiguration;
			buildSettings = {
				ALWAYS_SEARCH_USER_PATHS = NO;
				CLANG_ANALYZER_NONNULL = YES;
				CLANG_ANALYZER_NUMBER_OBJECT_CONVERSION = YES_AGGRESSIVE;
				CLANG_CXX_LANGUAGE_STANDARD = "gnu++14";
				CLANG_CXX_LIBRARY = "libc++";
				CLANG_ENABLE_MODULES = YES;
				CLANG_ENABLE_OBJC_ARC = YES;
				CLANG_WARN_BLOCK_CAPTURE_AUTORELEASING = YES;
				CLANG_WARN_BOOL_CONVERSION = YES;
				CLANG_WARN_COMMA = YES;
				CLANG_WARN_CONSTANT_CONVERSION = YES;
				CLANG_WARN_DIRECT_OBJC_ISA_USAGE = YES_ERROR;
				CLANG_WARN_DOCUMENTATION_COMMENTS = YES;
				CLANG_WARN_EMPTY_BODY = YES;
				CLANG_WARN_ENUM_CONVERSION = YES;
				CLANG_WARN_INFINITE_RECURSION = YES;
				CLANG_WARN_INT_CONVERSION = YES;
				CLANG_WARN_NON_LITERAL_NULL_CONVERSION = YES;
				CLANG_WARN_OBJC_LITERAL_CONVERSION = YES;
				CLANG_WARN_OBJC_ROOT_CLASS = YES_ERROR;
				CLANG_WARN_RANGE_LOOP_ANALYSIS = YES;
				CLANG_WARN_STRICT_PROTOTYPES = YES;
				CLANG_WARN_SUSPICIOUS_MOVE = YES;
				CLANG_WARN_UNGUARDED_AVAILABILITY = YES_AGGRESSIVE;
				CLANG_WARN_UNREACHABLE_CODE = YES;
				CLANG_WARN__DUPLICATE_METHOD_MATCH = YES;
				CODE_SIGN_IDENTITY = "iPhone Developer";
				COPY_PHASE_STRIP = NO;
				DEBUG_INFORMATION_FORMAT = "dwarf-with-dsym";
				ENABLE_NS_ASSERTIONS = NO;
				ENABLE_STRICT_OBJC_MSGSEND = YES;
				GCC_C_LANGUAGE_STANDARD = gnu11;
				GCC_NO_COMMON_BLOCKS = YES;
				GCC_WARN_64_TO_32_BIT_CONVERSION = YES;
				GCC_WARN_ABOUT_RETURN_TYPE = YES_ERROR;
				GCC_WARN_UNDECLARED_SELECTOR = YES;
				GCC_WARN_UNINITIALIZED_AUTOS = YES_AGGRESSIVE;
				GCC_WARN_UNUSED_FUNCTION = YES;
				GCC_WARN_UNUSED_VARIABLE = YES;
				IPHONEOS_DEPLOYMENT_TARGET = 11.2;
				MTL_ENABLE_DEBUG_INFO = NO;
				SDKROOT = iphoneos;
				SWIFT_OPTIMIZATION_LEVEL = "-Owholemodule";
				VALIDATE_PRODUCT = YES;
			};
			name = Release;
		};
		BE87DC88204D37F200421576 /* Debug */ = {
			isa = XCBuildConfiguration;
			buildSettings = {
				ASSETCATALOG_COMPILER_APPICON_NAME = AppIcon;
				CODE_SIGN_STYLE = Automatic;
				DEVELOPMENT_TEAM = E9XV8HU23K;
				INFOPLIST_FILE = "$(SRCROOT)/NyTimesMostPopular/Core/Info.plist";
				LD_RUNPATH_SEARCH_PATHS = "$(inherited) @executable_path/Frameworks";
				PRODUCT_BUNDLE_IDENTIFIER = gbrvalerio.com.NyTimesMostPopular;
				PRODUCT_NAME = "$(TARGET_NAME)";
				SWIFT_VERSION = 4.0;
				TARGETED_DEVICE_FAMILY = "1,2";
			};
			name = Debug;
		};
		BE87DC89204D37F200421576 /* Release */ = {
			isa = XCBuildConfiguration;
			buildSettings = {
				ASSETCATALOG_COMPILER_APPICON_NAME = AppIcon;
				CODE_SIGN_STYLE = Automatic;
				DEVELOPMENT_TEAM = E9XV8HU23K;
				INFOPLIST_FILE = "$(SRCROOT)/NyTimesMostPopular/Core/Info.plist";
				LD_RUNPATH_SEARCH_PATHS = "$(inherited) @executable_path/Frameworks";
				PRODUCT_BUNDLE_IDENTIFIER = gbrvalerio.com.NyTimesMostPopular;
				PRODUCT_NAME = "$(TARGET_NAME)";
				SWIFT_VERSION = 4.0;
				TARGETED_DEVICE_FAMILY = "1,2";
			};
			name = Release;
		};
		BE87DC8B204D37F200421576 /* Debug */ = {
			isa = XCBuildConfiguration;
			buildSettings = {
				ALWAYS_EMBED_SWIFT_STANDARD_LIBRARIES = YES;
				BUNDLE_LOADER = "$(TEST_HOST)";
				CODE_SIGN_STYLE = Automatic;
				DEVELOPMENT_TEAM = E9XV8HU23K;
				INFOPLIST_FILE = NyTimesMostPopularTests/Info.plist;
				LD_RUNPATH_SEARCH_PATHS = "$(inherited) @executable_path/Frameworks @loader_path/Frameworks";
				PRODUCT_BUNDLE_IDENTIFIER = gbrvalerio.com.NyTimesMostPopularTests;
				PRODUCT_NAME = "$(TARGET_NAME)";
				SWIFT_VERSION = 4.0;
				TARGETED_DEVICE_FAMILY = "1,2";
				TEST_HOST = "$(BUILT_PRODUCTS_DIR)/NyTimesMostPopular.app/NyTimesMostPopular";
			};
			name = Debug;
		};
		BE87DC8C204D37F200421576 /* Release */ = {
			isa = XCBuildConfiguration;
			buildSettings = {
				ALWAYS_EMBED_SWIFT_STANDARD_LIBRARIES = YES;
				BUNDLE_LOADER = "$(TEST_HOST)";
				CODE_SIGN_STYLE = Automatic;
				DEVELOPMENT_TEAM = E9XV8HU23K;
				INFOPLIST_FILE = NyTimesMostPopularTests/Info.plist;
				LD_RUNPATH_SEARCH_PATHS = "$(inherited) @executable_path/Frameworks @loader_path/Frameworks";
				PRODUCT_BUNDLE_IDENTIFIER = gbrvalerio.com.NyTimesMostPopularTests;
				PRODUCT_NAME = "$(TARGET_NAME)";
				SWIFT_VERSION = 4.0;
				TARGETED_DEVICE_FAMILY = "1,2";
				TEST_HOST = "$(BUILT_PRODUCTS_DIR)/NyTimesMostPopular.app/NyTimesMostPopular";
			};
			name = Release;
		};
/* End XCBuildConfiguration section */

/* Begin XCConfigurationList section */
		BE87DC65204D37F200421576 /* Build configuration list for PBXProject "NyTimesMostPopular" */ = {
			isa = XCConfigurationList;
			buildConfigurations = (
				BE87DC85204D37F200421576 /* Debug */,
				BE87DC86204D37F200421576 /* Release */,
			);
			defaultConfigurationIsVisible = 0;
			defaultConfigurationName = Release;
		};
		BE87DC87204D37F200421576 /* Build configuration list for PBXNativeTarget "NyTimesMostPopular" */ = {
			isa = XCConfigurationList;
			buildConfigurations = (
				BE87DC88204D37F200421576 /* Debug */,
				BE87DC89204D37F200421576 /* Release */,
			);
			defaultConfigurationIsVisible = 0;
			defaultConfigurationName = Release;
		};
		BE87DC8A204D37F200421576 /* Build configuration list for PBXNativeTarget "NyTimesMostPopularTests" */ = {
			isa = XCConfigurationList;
			buildConfigurations = (
				BE87DC8B204D37F200421576 /* Debug */,
				BE87DC8C204D37F200421576 /* Release */,
			);
			defaultConfigurationIsVisible = 0;
			defaultConfigurationName = Release;
		};
/* End XCConfigurationList section */
	};
	rootObject = BE87DC62204D37F200421576 /* Project object */;
}
